
Microsoft Visual Studio Solution File, Format Version 12.00
# Visual Studio Version 17
VisualStudioVersion = 17.8.34511.84
MinimumVisualStudioVersion = 10.0.40219.1
Project("{FAE04EC0-301F-11D3-BF4B-00C04F79EFBC}") = "HarryPotter.Games.UI.Console", "HarryPotter.Games.UI.Console\HarryPotter.Games.UI.Console.csproj", "{E50698E0-1990-4EEB-AC59-7C96E08FCFFE}"
EndProject
Global
	GlobalSection(SolutionConfigurationPlatforms) = preSolution
		Debug|Any CPU = Debug|Any CPU
		Release|Any CPU = Release|Any CPU
	EndGlobalSection
	GlobalSection(ProjectConfigurationPlatforms) = postSolution
		{E50698E0-1990-4EEB-AC59-7C96E08FCFFE}.Debug|Any CPU.ActiveCfg = Debug|Any CPU
		{E50698E0-1990-4EEB-AC59-7C96E08FCFFE}.Debug|Any CPU.Build.0 = Debug|Any CPU
		{E50698E0-1990-4EEB-AC59-7C96E08FCFFE}.Release|Any CPU.ActiveCfg = Release|Any CPU
		{E50698E0-1990-4EEB-AC59-7C96E08FCFFE}.Release|Any CPU.Build.0 = Release|Any CPU
	EndGlobalSection
	GlobalSection(SolutionProperties) = preSolution
		HideSolutionNode = FALSE
	EndGlobalSection
	GlobalSection(ExtensibilityGlobals) = postSolution
		SolutionGuid = {A982CD90-D4E1-4F62-BD45-FBEA004E7C2F}
	EndGlobalSection
EndGlobal
